
Microsoft Visual Studio Solution File, Format Version 12.00
# Visual Studio 15
VisualStudioVersion = 15.0.28307.572
MinimumVisualStudioVersion = 10.0.40219.1
Project("{9A19103F-16F7-4668-BE54-9A1E7A4F7556}") = "View", "View\View.csproj", "{415765BF-A683-4C60-9B5A-691EDA7F0A8D}"
EndProject
Project("{9A19103F-16F7-4668-BE54-9A1E7A4F7556}") = "Logic", "Logic\Logic.csproj", "{EF38CFED-CC38-4CB4-8F6B-962BFE614053}"
EndProject
Project("{9A19103F-16F7-4668-BE54-9A1E7A4F7556}") = "Data", "Data\Data.csproj", "{DE2438F6-FEAA-4C9B-86AC-10391C81EFCF}"
EndProject
Project("{9A19103F-16F7-4668-BE54-9A1E7A4F7556}") = "LogicTests", "LogicTests\LogicTests.csproj", "{15032F8E-3984-4602-90A7-99E7A92EBFD4}"
EndProject
Project("{FAE04EC0-301F-11D3-BF4B-00C04F79EFBC}") = "Enums", "Enums\Enums.csproj", "{1A71AFE0-F097-4B3D-87F4-90F819221929}"
EndProject
Global
	GlobalSection(SolutionConfigurationPlatforms) = preSolution
		Debug|Any CPU = Debug|Any CPU
		Release|Any CPU = Release|Any CPU
	EndGlobalSection
	GlobalSection(ProjectConfigurationPlatforms) = postSolution
		{415765BF-A683-4C60-9B5A-691EDA7F0A8D}.Debug|Any CPU.ActiveCfg = Debug|Any CPU
		{415765BF-A683-4C60-9B5A-691EDA7F0A8D}.Debug|Any CPU.Build.0 = Debug|Any CPU
		{415765BF-A683-4C60-9B5A-691EDA7F0A8D}.Release|Any CPU.ActiveCfg = Release|Any CPU
		{415765BF-A683-4C60-9B5A-691EDA7F0A8D}.Release|Any CPU.Build.0 = Release|Any CPU
		{EF38CFED-CC38-4CB4-8F6B-962BFE614053}.Debug|Any CPU.ActiveCfg = Debug|Any CPU
		{EF38CFED-CC38-4CB4-8F6B-962BFE614053}.Debug|Any CPU.Build.0 = Debug|Any CPU
		{EF38CFED-CC38-4CB4-8F6B-962BFE614053}.Release|Any CPU.ActiveCfg = Release|Any CPU
		{EF38CFED-CC38-4CB4-8F6B-962BFE614053}.Release|Any CPU.Build.0 = Release|Any CPU
		{DE2438F6-FEAA-4C9B-86AC-10391C81EFCF}.Debug|Any CPU.ActiveCfg = Debug|Any CPU
		{DE2438F6-FEAA-4C9B-86AC-10391C81EFCF}.Debug|Any CPU.Build.0 = Debug|Any CPU
		{DE2438F6-FEAA-4C9B-86AC-10391C81EFCF}.Release|Any CPU.ActiveCfg = Release|Any CPU
		{DE2438F6-FEAA-4C9B-86AC-10391C81EFCF}.Release|Any CPU.Build.0 = Release|Any CPU
		{15032F8E-3984-4602-90A7-99E7A92EBFD4}.Debug|Any CPU.ActiveCfg = Debug|Any CPU
		{15032F8E-3984-4602-90A7-99E7A92EBFD4}.Debug|Any CPU.Build.0 = Debug|Any CPU
		{15032F8E-3984-4602-90A7-99E7A92EBFD4}.Release|Any CPU.ActiveCfg = Release|Any CPU
		{15032F8E-3984-4602-90A7-99E7A92EBFD4}.Release|Any CPU.Build.0 = Release|Any CPU
		{1A71AFE0-F097-4B3D-87F4-90F819221929}.Debug|Any CPU.ActiveCfg = Debug|Any CPU
		{1A71AFE0-F097-4B3D-87F4-90F819221929}.Debug|Any CPU.Build.0 = Debug|Any CPU
		{1A71AFE0-F097-4B3D-87F4-90F819221929}.Release|Any CPU.ActiveCfg = Release|Any CPU
		{1A71AFE0-F097-4B3D-87F4-90F819221929}.Release|Any CPU.Build.0 = Release|Any CPU
	EndGlobalSection
	GlobalSection(SolutionProperties) = preSolution
		HideSolutionNode = FALSE
	EndGlobalSection
	GlobalSection(ExtensibilityGlobals) = postSolution
		SolutionGuid = {275B4866-55AE-4580-B64A-0B52EB9CB9F6}
	EndGlobalSection
EndGlobal
