
Microsoft Visual Studio Solution File, Format Version 12.00
# Visual Studio 15
VisualStudioVersion = 15.0.28307.572
MinimumVisualStudioVersion = 10.0.40219.1
Project("{FAE04EC0-301F-11D3-BF4B-00C04F79EFBC}") = "View", "KillerApp\View.csproj", "{105069B5-75D1-44CC-BDFF-29EC156D68EC}"
EndProject
Project("{FAE04EC0-301F-11D3-BF4B-00C04F79EFBC}") = "TestProject", "KillerApp.Tests\TestProject.csproj", "{49A39952-D50B-410D-9B5E-30D18A29346A}"
EndProject
Project("{FAE04EC0-301F-11D3-BF4B-00C04F79EFBC}") = "Models", "Models\Models.csproj", "{60E797A0-15DF-49A9-AA41-D8B93A55CAD3}"
EndProject
Project("{FAE04EC0-301F-11D3-BF4B-00C04F79EFBC}") = "Logic", "Logic\Logic.csproj", "{D4E693C1-28EA-4222-9020-D68DEBC2E28D}"
EndProject
Project("{FAE04EC0-301F-11D3-BF4B-00C04F79EFBC}") = "Data", "Data\Data.csproj", "{84364E87-65C4-4515-A520-D1AEE190F547}"
EndProject
Global
	GlobalSection(SolutionConfigurationPlatforms) = preSolution
		Debug|Any CPU = Debug|Any CPU
		Release|Any CPU = Release|Any CPU
	EndGlobalSection
	GlobalSection(ProjectConfigurationPlatforms) = postSolution
		{105069B5-75D1-44CC-BDFF-29EC156D68EC}.Debug|Any CPU.ActiveCfg = Debug|Any CPU
		{105069B5-75D1-44CC-BDFF-29EC156D68EC}.Debug|Any CPU.Build.0 = Debug|Any CPU
		{105069B5-75D1-44CC-BDFF-29EC156D68EC}.Release|Any CPU.ActiveCfg = Release|Any CPU
		{105069B5-75D1-44CC-BDFF-29EC156D68EC}.Release|Any CPU.Build.0 = Release|Any CPU
		{49A39952-D50B-410D-9B5E-30D18A29346A}.Debug|Any CPU.ActiveCfg = Debug|Any CPU
		{49A39952-D50B-410D-9B5E-30D18A29346A}.Debug|Any CPU.Build.0 = Debug|Any CPU
		{49A39952-D50B-410D-9B5E-30D18A29346A}.Release|Any CPU.ActiveCfg = Release|Any CPU
		{49A39952-D50B-410D-9B5E-30D18A29346A}.Release|Any CPU.Build.0 = Release|Any CPU
		{60E797A0-15DF-49A9-AA41-D8B93A55CAD3}.Debug|Any CPU.ActiveCfg = Debug|Any CPU
		{60E797A0-15DF-49A9-AA41-D8B93A55CAD3}.Debug|Any CPU.Build.0 = Debug|Any CPU
		{60E797A0-15DF-49A9-AA41-D8B93A55CAD3}.Release|Any CPU.ActiveCfg = Release|Any CPU
		{60E797A0-15DF-49A9-AA41-D8B93A55CAD3}.Release|Any CPU.Build.0 = Release|Any CPU
		{D4E693C1-28EA-4222-9020-D68DEBC2E28D}.Debug|Any CPU.ActiveCfg = Debug|Any CPU
		{D4E693C1-28EA-4222-9020-D68DEBC2E28D}.Debug|Any CPU.Build.0 = Debug|Any CPU
		{D4E693C1-28EA-4222-9020-D68DEBC2E28D}.Release|Any CPU.ActiveCfg = Release|Any CPU
		{D4E693C1-28EA-4222-9020-D68DEBC2E28D}.Release|Any CPU.Build.0 = Release|Any CPU
		{84364E87-65C4-4515-A520-D1AEE190F547}.Debug|Any CPU.ActiveCfg = Debug|Any CPU
		{84364E87-65C4-4515-A520-D1AEE190F547}.Debug|Any CPU.Build.0 = Debug|Any CPU
		{84364E87-65C4-4515-A520-D1AEE190F547}.Release|Any CPU.ActiveCfg = Release|Any CPU
		{84364E87-65C4-4515-A520-D1AEE190F547}.Release|Any CPU.Build.0 = Release|Any CPU
	EndGlobalSection
	GlobalSection(SolutionProperties) = preSolution
		HideSolutionNode = FALSE
	EndGlobalSection
	GlobalSection(ExtensibilityGlobals) = postSolution
		SolutionGuid = {275B4866-55AE-4580-B64A-0B52EB9CB9F6}
	EndGlobalSection
EndGlobal
