
Microsoft Visual Studio Solution File, Format Version 12.00
# Visual Studio 15
VisualStudioVersion = 15.0.28307.572
MinimumVisualStudioVersion = 10.0.40219.1
Project("{FAE04EC0-301F-11D3-BF4B-00C04F79EFBC}") = "KillerApp", "KillerApp\KillerApp.csproj", "{105069B5-75D1-44CC-BDFF-29EC156D68EC}"
EndProject
Project("{FAE04EC0-301F-11D3-BF4B-00C04F79EFBC}") = "KillerApp.Tests", "KillerApp.Tests\KillerApp.Tests.csproj", "{49A39952-D50B-410D-9B5E-30D18A29346A}"
EndProject
Global
	GlobalSection(SolutionConfigurationPlatforms) = preSolution
		Debug|Any CPU = Debug|Any CPU
		Release|Any CPU = Release|Any CPU
	EndGlobalSection
	GlobalSection(ProjectConfigurationPlatforms) = postSolution
		{105069B5-75D1-44CC-BDFF-29EC156D68EC}.Debug|Any CPU.ActiveCfg = Debug|Any CPU
		{105069B5-75D1-44CC-BDFF-29EC156D68EC}.Debug|Any CPU.Build.0 = Debug|Any CPU
		{105069B5-75D1-44CC-BDFF-29EC156D68EC}.Release|Any CPU.ActiveCfg = Release|Any CPU
		{105069B5-75D1-44CC-BDFF-29EC156D68EC}.Release|Any CPU.Build.0 = Release|Any CPU
		{49A39952-D50B-410D-9B5E-30D18A29346A}.Debug|Any CPU.ActiveCfg = Debug|Any CPU
		{49A39952-D50B-410D-9B5E-30D18A29346A}.Debug|Any CPU.Build.0 = Debug|Any CPU
		{49A39952-D50B-410D-9B5E-30D18A29346A}.Release|Any CPU.ActiveCfg = Release|Any CPU
		{49A39952-D50B-410D-9B5E-30D18A29346A}.Release|Any CPU.Build.0 = Release|Any CPU
	EndGlobalSection
	GlobalSection(SolutionProperties) = preSolution
		HideSolutionNode = FALSE
	EndGlobalSection
	GlobalSection(ExtensibilityGlobals) = postSolution
		SolutionGuid = {275B4866-55AE-4580-B64A-0B52EB9CB9F6}
	EndGlobalSection
EndGlobal
